// !$*UTF8*$!
{
	archiveVersion = 1;
	classes = {
	};
	objectVersion = 55;
	objects = {

/* Begin PBXBuildFile section */
		0B7118FF28977D0E00CD897B /* landmarkData.json in Resources */ = {isa = PBXBuildFile; fileRef = 0B7118F228977D0E00CD897B /* landmarkData.json */; };
		0B71190028977D0E00CD897B /* umbagog@2x.jpg in Resources */ = {isa = PBXBuildFile; fileRef = 0B7118F428977D0E00CD897B /* umbagog@2x.jpg */; };
		0B71190128977D0E00CD897B /* twinlake@2x.jpg in Resources */ = {isa = PBXBuildFile; fileRef = 0B7118F528977D0E00CD897B /* twinlake@2x.jpg */; };
		0B71190228977D0E00CD897B /* chincoteague@2x.jpg in Resources */ = {isa = PBXBuildFile; fileRef = 0B7118F628977D0E00CD897B /* chincoteague@2x.jpg */; };
		0B71190328977D0E00CD897B /* lakemcdonald@2x.jpg in Resources */ = {isa = PBXBuildFile; fileRef = 0B7118F728977D0E00CD897B /* lakemcdonald@2x.jpg */; };
		0B71190428977D0E00CD897B /* silversalmoncreek@2x.jpg in Resources */ = {isa = PBXBuildFile; fileRef = 0B7118F828977D0E00CD897B /* silversalmoncreek@2x.jpg */; };
		0B71190528977D0E00CD897B /* icybay@2x.jpg in Resources */ = {isa = PBXBuildFile; fileRef = 0B7118F928977D0E00CD897B /* icybay@2x.jpg */; };
		0B71190628977D0E00CD897B /* hiddenlake@2x.jpg in Resources */ = {isa = PBXBuildFile; fileRef = 0B7118FA28977D0E00CD897B /* hiddenlake@2x.jpg */; };
		0B71190728977D0E00CD897B /* chilkoottrail@2x.jpg in Resources */ = {isa = PBXBuildFile; fileRef = 0B7118FB28977D0E00CD897B /* chilkoottrail@2x.jpg */; };
		0B71190828977D0E00CD897B /* stmarylake@2x.jpg in Resources */ = {isa = PBXBuildFile; fileRef = 0B7118FC28977D0E00CD897B /* stmarylake@2x.jpg */; };
		0B71190928977D0E00CD897B /* charleyrivers@2x.jpg in Resources */ = {isa = PBXBuildFile; fileRef = 0B7118FD28977D0E00CD897B /* charleyrivers@2x.jpg */; };
		0B71190A28977D0E00CD897B /* rainbowlake@2x.jpg in Resources */ = {isa = PBXBuildFile; fileRef = 0B7118FE28977D0E00CD897B /* rainbowlake@2x.jpg */; };
		0B71190C28977D3700CD897B /* Landmark.swift in Sources */ = {isa = PBXBuildFile; fileRef = 0B71190B28977D3700CD897B /* Landmark.swift */; };
		0B7FBFD228A4C8A500F408CF /* LandmarkDetail.swift in Sources */ = {isa = PBXBuildFile; fileRef = 0B7FBFD128A4C8A500F408CF /* LandmarkDetail.swift */; };
		0B97CDED2896235A0094B7C1 /* LandmarksApp.swift in Sources */ = {isa = PBXBuildFile; fileRef = 0B97CDEC2896235A0094B7C1 /* LandmarksApp.swift */; };
		0B97CDEF2896235A0094B7C1 /* ContentView.swift in Sources */ = {isa = PBXBuildFile; fileRef = 0B97CDEE2896235A0094B7C1 /* ContentView.swift */; };
		0B97CDF12896235C0094B7C1 /* Assets.xcassets in Resources */ = {isa = PBXBuildFile; fileRef = 0B97CDF02896235C0094B7C1 /* Assets.xcassets */; };
		0B97CDF42896235C0094B7C1 /* Preview Assets.xcassets in Resources */ = {isa = PBXBuildFile; fileRef = 0B97CDF32896235C0094B7C1 /* Preview Assets.xcassets */; };
		0B97CDFD28962DD90094B7C1 /* turtlerock@2x.jpg in Resources */ = {isa = PBXBuildFile; fileRef = 0B97CDFC28962DD90094B7C1 /* turtlerock@2x.jpg */; };
		0B97CDFF28962E800094B7C1 /* CircleImage.swift in Sources */ = {isa = PBXBuildFile; fileRef = 0B97CDFE28962E7F0094B7C1 /* CircleImage.swift */; };
		0B97CE012896321B0094B7C1 /* MapView.swift in Sources */ = {isa = PBXBuildFile; fileRef = 0B97CE002896321B0094B7C1 /* MapView.swift */; };
		0BDFB12928A0981000798194 /* ModelData.swift in Sources */ = {isa = PBXBuildFile; fileRef = 0BDFB12828A0981000798194 /* ModelData.swift */; };
		0BDFB12E28A09A6D00798194 /* LandmarkRow.swift in Sources */ = {isa = PBXBuildFile; fileRef = 0BDFB12D28A09A6D00798194 /* LandmarkRow.swift */; };
		0BDFB13228A0A33100798194 /* LandmarkList.swift in Sources */ = {isa = PBXBuildFile; fileRef = 0BDFB13128A0A33100798194 /* LandmarkList.swift */; };
/* End PBXBuildFile section */

/* Begin PBXFileReference section */
		0B7118F228977D0E00CD897B /* landmarkData.json */ = {isa = PBXFileReference; fileEncoding = 4; lastKnownFileType = text.json; path = landmarkData.json; sourceTree = "<group>"; };
		0B7118F428977D0E00CD897B /* umbagog@2x.jpg */ = {isa = PBXFileReference; lastKnownFileType = image.jpeg; path = "umbagog@2x.jpg"; sourceTree = "<group>"; };
		0B7118F528977D0E00CD897B /* twinlake@2x.jpg */ = {isa = PBXFileReference; lastKnownFileType = image.jpeg; path = "twinlake@2x.jpg"; sourceTree = "<group>"; };
		0B7118F628977D0E00CD897B /* chincoteague@2x.jpg */ = {isa = PBXFileReference; lastKnownFileType = image.jpeg; path = "chincoteague@2x.jpg"; sourceTree = "<group>"; };
		0B7118F728977D0E00CD897B /* lakemcdonald@2x.jpg */ = {isa = PBXFileReference; lastKnownFileType = image.jpeg; path = "lakemcdonald@2x.jpg"; sourceTree = "<group>"; };
		0B7118F828977D0E00CD897B /* silversalmoncreek@2x.jpg */ = {isa = PBXFileReference; lastKnownFileType = image.jpeg; path = "silversalmoncreek@2x.jpg"; sourceTree = "<group>"; };
		0B7118F928977D0E00CD897B /* icybay@2x.jpg */ = {isa = PBXFileReference; lastKnownFileType = image.jpeg; path = "icybay@2x.jpg"; sourceTree = "<group>"; };
		0B7118FA28977D0E00CD897B /* hiddenlake@2x.jpg */ = {isa = PBXFileReference; lastKnownFileType = image.jpeg; path = "hiddenlake@2x.jpg"; sourceTree = "<group>"; };
		0B7118FB28977D0E00CD897B /* chilkoottrail@2x.jpg */ = {isa = PBXFileReference; lastKnownFileType = image.jpeg; path = "chilkoottrail@2x.jpg"; sourceTree = "<group>"; };
		0B7118FC28977D0E00CD897B /* stmarylake@2x.jpg */ = {isa = PBXFileReference; lastKnownFileType = image.jpeg; path = "stmarylake@2x.jpg"; sourceTree = "<group>"; };
		0B7118FD28977D0E00CD897B /* charleyrivers@2x.jpg */ = {isa = PBXFileReference; lastKnownFileType = image.jpeg; path = "charleyrivers@2x.jpg"; sourceTree = "<group>"; };
		0B7118FE28977D0E00CD897B /* rainbowlake@2x.jpg */ = {isa = PBXFileReference; lastKnownFileType = image.jpeg; path = "rainbowlake@2x.jpg"; sourceTree = "<group>"; };
		0B71190B28977D3700CD897B /* Landmark.swift */ = {isa = PBXFileReference; lastKnownFileType = sourcecode.swift; path = Landmark.swift; sourceTree = "<group>"; };
		0B7FBFD128A4C8A500F408CF /* LandmarkDetail.swift */ = {isa = PBXFileReference; lastKnownFileType = sourcecode.swift; path = LandmarkDetail.swift; sourceTree = "<group>"; };
		0B97CDE92896235A0094B7C1 /* Landmarks.app */ = {isa = PBXFileReference; explicitFileType = wrapper.application; includeInIndex = 0; path = Landmarks.app; sourceTree = BUILT_PRODUCTS_DIR; };
		0B97CDEC2896235A0094B7C1 /* LandmarksApp.swift */ = {isa = PBXFileReference; lastKnownFileType = sourcecode.swift; path = LandmarksApp.swift; sourceTree = "<group>"; };
		0B97CDEE2896235A0094B7C1 /* ContentView.swift */ = {isa = PBXFileReference; lastKnownFileType = sourcecode.swift; path = ContentView.swift; sourceTree = "<group>"; };
		0B97CDF02896235C0094B7C1 /* Assets.xcassets */ = {isa = PBXFileReference; lastKnownFileType = folder.assetcatalog; path = Assets.xcassets; sourceTree = "<group>"; };
		0B97CDF32896235C0094B7C1 /* Preview Assets.xcassets */ = {isa = PBXFileReference; lastKnownFileType = folder.assetcatalog; path = "Preview Assets.xcassets"; sourceTree = "<group>"; };
		0B97CDFC28962DD90094B7C1 /* turtlerock@2x.jpg */ = {isa = PBXFileReference; lastKnownFileType = image.jpeg; name = "turtlerock@2x.jpg"; path = "../../CreatingAndCombiningViews/Resources/turtlerock@2x.jpg"; sourceTree = "<group>"; };
		0B97CDFE28962E7F0094B7C1 /* CircleImage.swift */ = {isa = PBXFileReference; lastKnownFileType = sourcecode.swift; path = CircleImage.swift; sourceTree = "<group>"; };
		0B97CE002896321B0094B7C1 /* MapView.swift */ = {isa = PBXFileReference; lastKnownFileType = sourcecode.swift; path = MapView.swift; sourceTree = "<group>"; };
		0BDFB12828A0981000798194 /* ModelData.swift */ = {isa = PBXFileReference; lastKnownFileType = sourcecode.swift; path = ModelData.swift; sourceTree = "<group>"; };
		0BDFB12D28A09A6D00798194 /* LandmarkRow.swift */ = {isa = PBXFileReference; lastKnownFileType = sourcecode.swift; path = LandmarkRow.swift; sourceTree = "<group>"; };
		0BDFB13128A0A33100798194 /* LandmarkList.swift */ = {isa = PBXFileReference; lastKnownFileType = sourcecode.swift; path = LandmarkList.swift; sourceTree = "<group>"; };
/* End PBXFileReference section */

/* Begin PBXFrameworksBuildPhase section */
		0B97CDE62896235A0094B7C1 /* Frameworks */ = {
			isa = PBXFrameworksBuildPhase;
			buildActionMask = 2147483647;
			files = (
			);
			runOnlyForDeploymentPostprocessing = 0;
		};
/* End PBXFrameworksBuildPhase section */

/* Begin PBXGroup section */
		0B7118F328977D0E00CD897B /* Images */ = {
			isa = PBXGroup;
			children = (
				0B7118F428977D0E00CD897B /* umbagog@2x.jpg */,
				0B7118F528977D0E00CD897B /* twinlake@2x.jpg */,
				0B7118F628977D0E00CD897B /* chincoteague@2x.jpg */,
				0B7118F728977D0E00CD897B /* lakemcdonald@2x.jpg */,
				0B7118F828977D0E00CD897B /* silversalmoncreek@2x.jpg */,
				0B7118F928977D0E00CD897B /* icybay@2x.jpg */,
				0B7118FA28977D0E00CD897B /* hiddenlake@2x.jpg */,
				0B7118FB28977D0E00CD897B /* chilkoottrail@2x.jpg */,
				0B7118FC28977D0E00CD897B /* stmarylake@2x.jpg */,
				0B7118FD28977D0E00CD897B /* charleyrivers@2x.jpg */,
				0B7118FE28977D0E00CD897B /* rainbowlake@2x.jpg */,
			);
			path = Images;
			sourceTree = "<group>";
		};
		0B97CDE02896235A0094B7C1 = {
			isa = PBXGroup;
			children = (
				0B97CDEB2896235A0094B7C1 /* Landmarks */,
				0B97CDEA2896235A0094B7C1 /* Products */,
			);
			sourceTree = "<group>";
		};
		0B97CDEA2896235A0094B7C1 /* Products */ = {
			isa = PBXGroup;
			children = (
				0B97CDE92896235A0094B7C1 /* Landmarks.app */,
			);
			name = Products;
			sourceTree = "<group>";
		};
		0B97CDEB2896235A0094B7C1 /* Landmarks */ = {
			isa = PBXGroup;
			children = (
				0B97CDEC2896235A0094B7C1 /* LandmarksApp.swift */,
				0BDFB12B28A0997D00798194 /* Model */,
				0BDFB12C28A0999800798194 /* Resources */,
				0BDFB12A28A0996200798194 /* Views */,
				0B97CDFC28962DD90094B7C1 /* turtlerock@2x.jpg */,
				0B97CDF02896235C0094B7C1 /* Assets.xcassets */,
				0B7118F328977D0E00CD897B /* Images */,
				0B97CDF22896235C0094B7C1 /* Preview Content */,
			);
			path = Landmarks;
			sourceTree = "<group>";
		};
		0B97CDF22896235C0094B7C1 /* Preview Content */ = {
			isa = PBXGroup;
			children = (
				0B97CDF32896235C0094B7C1 /* Preview Assets.xcassets */,
			);
			path = "Preview Content";
			sourceTree = "<group>";
		};
		0BDFB12A28A0996200798194 /* Views */ = {
			isa = PBXGroup;
			children = (
				0BDFB12D28A09A6D00798194 /* LandmarkRow.swift */,
				0B97CE002896321B0094B7C1 /* MapView.swift */,
				0B97CDFE28962E7F0094B7C1 /* CircleImage.swift */,
				0B97CDEE2896235A0094B7C1 /* ContentView.swift */,
				0BDFB13128A0A33100798194 /* LandmarkList.swift */,
				0B7FBFD128A4C8A500F408CF /* LandmarkDetail.swift */,
			);
			path = Views;
			sourceTree = "<group>";
		};
		0BDFB12B28A0997D00798194 /* Model */ = {
			isa = PBXGroup;
			children = (
				0B71190B28977D3700CD897B /* Landmark.swift */,
				0BDFB12828A0981000798194 /* ModelData.swift */,
			);
			path = Model;
			sourceTree = "<group>";
		};
		0BDFB12C28A0999800798194 /* Resources */ = {
			isa = PBXGroup;
			children = (
				0B7118F228977D0E00CD897B /* landmarkData.json */,
			);
			path = Resources;
			sourceTree = "<group>";
		};
/* End PBXGroup section */

/* Begin PBXNativeTarget section */
		0B97CDE82896235A0094B7C1 /* Landmarks */ = {
			isa = PBXNativeTarget;
			buildConfigurationList = 0B97CDF72896235C0094B7C1 /* Build configuration list for PBXNativeTarget "Landmarks" */;
			buildPhases = (
				0B97CDE52896235A0094B7C1 /* Sources */,
				0B97CDE62896235A0094B7C1 /* Frameworks */,
				0B97CDE72896235A0094B7C1 /* Resources */,
				0B372EA428A723EF00ECFF06 /* ShellScript */,
			);
			buildRules = (
			);
			dependencies = (
			);
			name = Landmarks;
			productName = Landmarks;
			productReference = 0B97CDE92896235A0094B7C1 /* Landmarks.app */;
			productType = "com.apple.product-type.application";
		};
/* End PBXNativeTarget section */

/* Begin PBXProject section */
		0B97CDE12896235A0094B7C1 /* Project object */ = {
			isa = PBXProject;
			attributes = {
				BuildIndependentTargetsInParallel = 1;
				LastSwiftUpdateCheck = 1340;
				LastUpgradeCheck = 1340;
				TargetAttributes = {
					0B97CDE82896235A0094B7C1 = {
						CreatedOnToolsVersion = 13.4.1;
					};
				};
			};
			buildConfigurationList = 0B97CDE42896235A0094B7C1 /* Build configuration list for PBXProject "Landmarks" */;
			compatibilityVersion = "Xcode 13.0";
			developmentRegion = en;
			hasScannedForEncodings = 0;
			knownRegions = (
				en,
				Base,
			);
			mainGroup = 0B97CDE02896235A0094B7C1;
			productRefGroup = 0B97CDEA2896235A0094B7C1 /* Products */;
			projectDirPath = "";
			projectRoot = "";
			targets = (
				0B97CDE82896235A0094B7C1 /* Landmarks */,
			);
		};
/* End PBXProject section */

/* Begin PBXResourcesBuildPhase section */
		0B97CDE72896235A0094B7C1 /* Resources */ = {
			isa = PBXResourcesBuildPhase;
			buildActionMask = 2147483647;
			files = (
				0B71190028977D0E00CD897B /* umbagog@2x.jpg in Resources */,
				0B71190528977D0E00CD897B /* icybay@2x.jpg in Resources */,
				0B71190828977D0E00CD897B /* stmarylake@2x.jpg in Resources */,
				0B97CDFD28962DD90094B7C1 /* turtlerock@2x.jpg in Resources */,
				0B71190428977D0E00CD897B /* silversalmoncreek@2x.jpg in Resources */,
				0B7118FF28977D0E00CD897B /* landmarkData.json in Resources */,
				0B71190328977D0E00CD897B /* lakemcdonald@2x.jpg in Resources */,
				0B71190728977D0E00CD897B /* chilkoottrail@2x.jpg in Resources */,
				0B71190128977D0E00CD897B /* twinlake@2x.jpg in Resources */,
				0B71190228977D0E00CD897B /* chincoteague@2x.jpg in Resources */,
				0B71190A28977D0E00CD897B /* rainbowlake@2x.jpg in Resources */,
				0B71190628977D0E00CD897B /* hiddenlake@2x.jpg in Resources */,
				0B97CDF42896235C0094B7C1 /* Preview Assets.xcassets in Resources */,
				0B71190928977D0E00CD897B /* charleyrivers@2x.jpg in Resources */,
				0B97CDF12896235C0094B7C1 /* Assets.xcassets in Resources */,
			);
			runOnlyForDeploymentPostprocessing = 0;
		};
/* End PBXResourcesBuildPhase section */

/* Begin PBXShellScriptBuildPhase section */
		0B372EA428A723EF00ECFF06 /* ShellScript */ = {
			isa = PBXShellScriptBuildPhase;
			buildActionMask = 2147483647;
			files = (
			);
			inputFileListPaths = (
			);
			inputPaths = (
			);
			outputFileListPaths = (
			);
			outputPaths = (
			);
			runOnlyForDeploymentPostprocessing = 0;
			shellPath = /bin/sh;
			shellScript = "# Type a script or drag a script file from your workspace to insert its path.\nagvtool next-version -all\n";
		};
/* End PBXShellScriptBuildPhase section */

/* Begin PBXSourcesBuildPhase section */
		0B97CDE52896235A0094B7C1 /* Sources */ = {
			isa = PBXSourcesBuildPhase;
			buildActionMask = 2147483647;
			files = (
				0B97CDEF2896235A0094B7C1 /* ContentView.swift in Sources */,
				0B97CE012896321B0094B7C1 /* MapView.swift in Sources */,
				0B97CDED2896235A0094B7C1 /* LandmarksApp.swift in Sources */,
				0BDFB13228A0A33100798194 /* LandmarkList.swift in Sources */,
				0B7FBFD228A4C8A500F408CF /* LandmarkDetail.swift in Sources */,
				0B97CDFF28962E800094B7C1 /* CircleImage.swift in Sources */,
				0B71190C28977D3700CD897B /* Landmark.swift in Sources */,
				0BDFB12E28A09A6D00798194 /* LandmarkRow.swift in Sources */,
				0BDFB12928A0981000798194 /* ModelData.swift in Sources */,
			);
			runOnlyForDeploymentPostprocessing = 0;
		};
/* End PBXSourcesBuildPhase section */

/* Begin XCBuildConfiguration section */
		0B97CDF52896235C0094B7C1 /* Debug */ = {
			isa = XCBuildConfiguration;
			buildSettings = {
				ALWAYS_SEARCH_USER_PATHS = NO;
				CLANG_ANALYZER_NONNULL = YES;
				CLANG_ANALYZER_NUMBER_OBJECT_CONVERSION = YES_AGGRESSIVE;
				CLANG_CXX_LANGUAGE_STANDARD = "gnu++17";
				CLANG_ENABLE_MODULES = YES;
				CLANG_ENABLE_OBJC_ARC = YES;
				CLANG_ENABLE_OBJC_WEAK = YES;
				CLANG_WARN_BLOCK_CAPTURE_AUTORELEASING = YES;
				CLANG_WARN_BOOL_CONVERSION = YES;
				CLANG_WARN_COMMA = YES;
				CLANG_WARN_CONSTANT_CONVERSION = YES;
				CLANG_WARN_DEPRECATED_OBJC_IMPLEMENTATIONS = YES;
				CLANG_WARN_DIRECT_OBJC_ISA_USAGE = YES_ERROR;
				CLANG_WARN_DOCUMENTATION_COMMENTS = YES;
				CLANG_WARN_EMPTY_BODY = YES;
				CLANG_WARN_ENUM_CONVERSION = YES;
				CLANG_WARN_INFINITE_RECURSION = YES;
				CLANG_WARN_INT_CONVERSION = YES;
				CLANG_WARN_NON_LITERAL_NULL_CONVERSION = YES;
				CLANG_WARN_OBJC_IMPLICIT_RETAIN_SELF = YES;
				CLANG_WARN_OBJC_LITERAL_CONVERSION = YES;
				CLANG_WARN_OBJC_ROOT_CLASS = YES_ERROR;
				CLANG_WARN_QUOTED_INCLUDE_IN_FRAMEWORK_HEADER = YES;
				CLANG_WARN_RANGE_LOOP_ANALYSIS = YES;
				CLANG_WARN_STRICT_PROTOTYPES = YES;
				CLANG_WARN_SUSPICIOUS_MOVE = YES;
				CLANG_WARN_UNGUARDED_AVAILABILITY = YES_AGGRESSIVE;
				CLANG_WARN_UNREACHABLE_CODE = YES;
				CLANG_WARN__DUPLICATE_METHOD_MATCH = YES;
				COPY_PHASE_STRIP = NO;
				DEBUG_INFORMATION_FORMAT = dwarf;
				ENABLE_STRICT_OBJC_MSGSEND = YES;
				ENABLE_TESTABILITY = YES;
				GCC_C_LANGUAGE_STANDARD = gnu11;
				GCC_DYNAMIC_NO_PIC = NO;
				GCC_NO_COMMON_BLOCKS = YES;
				GCC_OPTIMIZATION_LEVEL = 0;
				GCC_PREPROCESSOR_DEFINITIONS = (
					"DEBUG=1",
					"$(inherited)",
				);
				GCC_WARN_64_TO_32_BIT_CONVERSION = YES;
				GCC_WARN_ABOUT_RETURN_TYPE = YES_ERROR;
				GCC_WARN_UNDECLARED_SELECTOR = YES;
				GCC_WARN_UNINITIALIZED_AUTOS = YES_AGGRESSIVE;
				GCC_WARN_UNUSED_FUNCTION = YES;
				GCC_WARN_UNUSED_VARIABLE = YES;
				IPHONEOS_DEPLOYMENT_TARGET = 15.5;
				MTL_ENABLE_DEBUG_INFO = INCLUDE_SOURCE;
				MTL_FAST_MATH = YES;
				ONLY_ACTIVE_ARCH = YES;
				SDKROOT = iphoneos;
				SWIFT_ACTIVE_COMPILATION_CONDITIONS = DEBUG;
				SWIFT_OPTIMIZATION_LEVEL = "-Onone";
			};
			name = Debug;
		};
		0B97CDF62896235C0094B7C1 /* Release */ = {
			isa = XCBuildConfiguration;
			buildSettings = {
				ALWAYS_SEARCH_USER_PATHS = NO;
				CLANG_ANALYZER_NONNULL = YES;
				CLANG_ANALYZER_NUMBER_OBJECT_CONVERSION = YES_AGGRESSIVE;
				CLANG_CXX_LANGUAGE_STANDARD = "gnu++17";
				CLANG_ENABLE_MODULES = YES;
				CLANG_ENABLE_OBJC_ARC = YES;
				CLANG_ENABLE_OBJC_WEAK = YES;
				CLANG_WARN_BLOCK_CAPTURE_AUTORELEASING = YES;
				CLANG_WARN_BOOL_CONVERSION = YES;
				CLANG_WARN_COMMA = YES;
				CLANG_WARN_CONSTANT_CONVERSION = YES;
				CLANG_WARN_DEPRECATED_OBJC_IMPLEMENTATIONS = YES;
				CLANG_WARN_DIRECT_OBJC_ISA_USAGE = YES_ERROR;
				CLANG_WARN_DOCUMENTATION_COMMENTS = YES;
				CLANG_WARN_EMPTY_BODY = YES;
				CLANG_WARN_ENUM_CONVERSION = YES;
				CLANG_WARN_INFINITE_RECURSION = YES;
				CLANG_WARN_INT_CONVERSION = YES;
				CLANG_WARN_NON_LITERAL_NULL_CONVERSION = YES;
				CLANG_WARN_OBJC_IMPLICIT_RETAIN_SELF = YES;
				CLANG_WARN_OBJC_LITERAL_CONVERSION = YES;
				CLANG_WARN_OBJC_ROOT_CLASS = YES_ERROR;
				CLANG_WARN_QUOTED_INCLUDE_IN_FRAMEWORK_HEADER = YES;
				CLANG_WARN_RANGE_LOOP_ANALYSIS = YES;
				CLANG_WARN_STRICT_PROTOTYPES = YES;
				CLANG_WARN_SUSPICIOUS_MOVE = YES;
				CLANG_WARN_UNGUARDED_AVAILABILITY = YES_AGGRESSIVE;
				CLANG_WARN_UNREACHABLE_CODE = YES;
				CLANG_WARN__DUPLICATE_METHOD_MATCH = YES;
				COPY_PHASE_STRIP = NO;
				DEBUG_INFORMATION_FORMAT = "dwarf-with-dsym";
				ENABLE_NS_ASSERTIONS = NO;
				ENABLE_STRICT_OBJC_MSGSEND = YES;
				GCC_C_LANGUAGE_STANDARD = gnu11;
				GCC_NO_COMMON_BLOCKS = YES;
				GCC_WARN_64_TO_32_BIT_CONVERSION = YES;
				GCC_WARN_ABOUT_RETURN_TYPE = YES_ERROR;
				GCC_WARN_UNDECLARED_SELECTOR = YES;
				GCC_WARN_UNINITIALIZED_AUTOS = YES_AGGRESSIVE;
				GCC_WARN_UNUSED_FUNCTION = YES;
				GCC_WARN_UNUSED_VARIABLE = YES;
				IPHONEOS_DEPLOYMENT_TARGET = 15.5;
				MTL_ENABLE_DEBUG_INFO = NO;
				MTL_FAST_MATH = YES;
				SDKROOT = iphoneos;
				SWIFT_COMPILATION_MODE = wholemodule;
				SWIFT_OPTIMIZATION_LEVEL = "-O";
				VALIDATE_PRODUCT = YES;
			};
			name = Release;
		};
		0B97CDF82896235C0094B7C1 /* Debug */ = {
			isa = XCBuildConfiguration;
			buildSettings = {
				ASSETCATALOG_COMPILER_APPICON_NAME = AppIcon;
				ASSETCATALOG_COMPILER_GLOBAL_ACCENT_COLOR_NAME = AccentColor;
				CODE_SIGN_STYLE = Automatic;
				CURRENT_PROJECT_VERSION = 33;
				DEVELOPMENT_ASSET_PATHS = "\"Landmarks/Preview Content\"";
				DEVELOPMENT_TEAM = B9B9ZX6H98;
				ENABLE_PREVIEWS = YES;
				GENERATE_INFOPLIST_FILE = YES;
				INFOPLIST_KEY_UIApplicationSceneManifest_Generation = YES;
				INFOPLIST_KEY_UIApplicationSupportsIndirectInputEvents = YES;
				INFOPLIST_KEY_UILaunchScreen_Generation = YES;
				INFOPLIST_KEY_UISupportedInterfaceOrientations_iPad = "UIInterfaceOrientationPortrait UIInterfaceOrientationPortraitUpsideDown UIInterfaceOrientationLandscapeLeft UIInterfaceOrientationLandscapeRight";
				INFOPLIST_KEY_UISupportedInterfaceOrientations_iPhone = "UIInterfaceOrientationPortrait UIInterfaceOrientationLandscapeLeft UIInterfaceOrientationLandscapeRight";
				LD_RUNPATH_SEARCH_PATHS = (
					"$(inherited)",
					"@executable_path/Frameworks",
				);
				MARKETING_VERSION = 1.0;
				PRODUCT_BUNDLE_IDENTIFIER = microsoft.Landmarks;
				PRODUCT_NAME = "$(TARGET_NAME)";
				SWIFT_EMIT_LOC_STRINGS = YES;
				SWIFT_VERSION = 5.0;
				TARGETED_DEVICE_FAMILY = "1,2";
			};
			name = Debug;
		};
		0B97CDF92896235C0094B7C1 /* Release */ = {
			isa = XCBuildConfiguration;
			buildSettings = {
				ASSETCATALOG_COMPILER_APPICON_NAME = AppIcon;
				ASSETCATALOG_COMPILER_GLOBAL_ACCENT_COLOR_NAME = AccentColor;
				CODE_SIGN_STYLE = Automatic;
				CURRENT_PROJECT_VERSION = 33;
				DEVELOPMENT_ASSET_PATHS = "\"Landmarks/Preview Content\"";
				DEVELOPMENT_TEAM = B9B9ZX6H98;
				ENABLE_PREVIEWS = YES;
				GENERATE_INFOPLIST_FILE = YES;
				INFOPLIST_KEY_UIApplicationSceneManifest_Generation = YES;
				INFOPLIST_KEY_UIApplicationSupportsIndirectInputEvents = YES;
				INFOPLIST_KEY_UILaunchScreen_Generation = YES;
				INFOPLIST_KEY_UISupportedInterfaceOrientations_iPad = "UIInterfaceOrientationPortrait UIInterfaceOrientationPortraitUpsideDown UIInterfaceOrientationLandscapeLeft UIInterfaceOrientationLandscapeRight";
				INFOPLIST_KEY_UISupportedInterfaceOrientations_iPhone = "UIInterfaceOrientationPortrait UIInterfaceOrientationLandscapeLeft UIInterfaceOrientationLandscapeRight";
				LD_RUNPATH_SEARCH_PATHS = (
					"$(inherited)",
					"@executable_path/Frameworks",
				);
				MARKETING_VERSION = 1.0;
				PRODUCT_BUNDLE_IDENTIFIER = microsoft.Landmarks;
				PRODUCT_NAME = "$(TARGET_NAME)";
				SWIFT_EMIT_LOC_STRINGS = YES;
				SWIFT_VERSION = 5.0;
				TARGETED_DEVICE_FAMILY = "1,2";
			};
			name = Release;
		};
/* End XCBuildConfiguration section */

/* Begin XCConfigurationList section */
		0B97CDE42896235A0094B7C1 /* Build configuration list for PBXProject "Landmarks" */ = {
			isa = XCConfigurationList;
			buildConfigurations = (
				0B97CDF52896235C0094B7C1 /* Debug */,
				0B97CDF62896235C0094B7C1 /* Release */,
			);
			defaultConfigurationIsVisible = 0;
			defaultConfigurationName = Release;
		};
		0B97CDF72896235C0094B7C1 /* Build configuration list for PBXNativeTarget "Landmarks" */ = {
			isa = XCConfigurationList;
			buildConfigurations = (
				0B97CDF82896235C0094B7C1 /* Debug */,
				0B97CDF92896235C0094B7C1 /* Release */,
			);
			defaultConfigurationIsVisible = 0;
			defaultConfigurationName = Release;
		};
/* End XCConfigurationList section */
	};
	rootObject = 0B97CDE12896235A0094B7C1 /* Project object */;
}
